
Microsoft Visual Studio Solution File, Format Version 12.00
# Visual Studio Version 17
VisualStudioVersion = 17.0.31903.59
MinimumVisualStudioVersion = 10.0.40219.1
Project("{9A19103F-16F7-4668-BE54-9A1E7A4F7556}") = "LS", "LS\LS.csproj", "{5CAAE8D5-DBCA-457B-9522-5D1960CB4CB2}"
EndProject
Project("{FAE04EC0-301F-11D3-BF4B-00C04F79EFBC}") = "LS.Test", "LS.Test\LS.Test.csproj", "{8D559B3C-7841-4381-9B5A-6F3F4F7BDF7A}"
EndProject
Global
	GlobalSection(SolutionConfigurationPlatforms) = preSolution
		Debug|Any CPU = Debug|Any CPU
		Release|Any CPU = Release|Any CPU
	EndGlobalSection
	GlobalSection(ProjectConfigurationPlatforms) = postSolution
		{5CAAE8D5-DBCA-457B-9522-5D1960CB4CB2}.Debug|Any CPU.ActiveCfg = Debug|Any CPU
		{5CAAE8D5-DBCA-457B-9522-5D1960CB4CB2}.Debug|Any CPU.Build.0 = Debug|Any CPU
		{5CAAE8D5-DBCA-457B-9522-5D1960CB4CB2}.Release|Any CPU.ActiveCfg = Release|Any CPU
		{5CAAE8D5-DBCA-457B-9522-5D1960CB4CB2}.Release|Any CPU.Build.0 = Release|Any CPU
		{8D559B3C-7841-4381-9B5A-6F3F4F7BDF7A}.Debug|Any CPU.ActiveCfg = Debug|Any CPU
		{8D559B3C-7841-4381-9B5A-6F3F4F7BDF7A}.Debug|Any CPU.Build.0 = Debug|Any CPU
		{8D559B3C-7841-4381-9B5A-6F3F4F7BDF7A}.Release|Any CPU.ActiveCfg = Release|Any CPU
		{8D559B3C-7841-4381-9B5A-6F3F4F7BDF7A}.Release|Any CPU.Build.0 = Release|Any CPU
	EndGlobalSection
	GlobalSection(SolutionProperties) = preSolution
		HideSolutionNode = FALSE
	EndGlobalSection
	GlobalSection(ExtensibilityGlobals) = postSolution
		SolutionGuid = {271EB756-DD7E-4E86-A492-74E9A74A3E85}
	EndGlobalSection
EndGlobal
